# This file is automatically @generated by Poetry 1.5.1 and should not be changed by hand.

[[package]]
name = "asgiref"
version = "3.7.2"
description = "ASGI specs, helper code, and adapters"
optional = false
python-versions = ">=3.7"
files = [
    {file = "asgiref-3.7.2-py3-none-any.whl", hash = "sha256:89b2ef2247e3b562a16eef663bc0e2e703ec6468e2fa8a5cd61cd449786d4f6e"},
    {file = "asgiref-3.7.2.tar.gz", hash = "sha256:9e0ce3aa93a819ba5b45120216b23878cf6e8525eb3848653452b4192b92afed"},
]

[package.dependencies]
typing-extensions = {version = ">=4", markers = "python_version < \"3.11\""}

[package.extras]
tests = ["mypy (>=0.800)", "pytest", "pytest-asyncio"]

[[package]]
name = "astroid"
version = "3.0.1"
description = "An abstract syntax tree for Python with inference support."
optional = false
python-versions = ">=3.8.0"
files = [
    {file = "astroid-3.0.1-py3-none-any.whl", hash = "sha256:7d5895c9825e18079c5aeac0572bc2e4c83205c95d416e0b4fee8bc361d2d9ca"},
    {file = "astroid-3.0.1.tar.gz", hash = "sha256:86b0bb7d7da0be1a7c4aedb7974e391b32d4ed89e33de6ed6902b4b15c97577e"},
]

[package.dependencies]
typing-extensions = {version = ">=4.0.0", markers = "python_version < \"3.11\""}

[[package]]
name = "async-timeout"
version = "4.0.3"
description = "Timeout context manager for asyncio programs"
optional = false
python-versions = ">=3.7"
files = [
    {file = "async-timeout-4.0.3.tar.gz", hash = "sha256:4640d96be84d82d02ed59ea2b7105a0f7b33abe8703703cd0ab0bf87c427522f"},
    {file = "async_timeout-4.0.3-py3-none-any.whl", hash = "sha256:7405140ff1230c310e51dc27b3145b9092d659ce68ff733fb0cefe3ee42be028"},
]

[[package]]
name = "backports-zoneinfo"
version = "0.2.1"
description = "Backport of the standard library zoneinfo module"
optional = false
python-versions = ">=3.6"
files = [
    {file = "backports.zoneinfo-0.2.1-cp36-cp36m-macosx_10_14_x86_64.whl", hash = "sha256:da6013fd84a690242c310d77ddb8441a559e9cb3d3d59ebac9aca1a57b2e18bc"},
    {file = "backports.zoneinfo-0.2.1-cp36-cp36m-manylinux1_i686.whl", hash = "sha256:89a48c0d158a3cc3f654da4c2de1ceba85263fafb861b98b59040a5086259722"},
    {file = "backports.zoneinfo-0.2.1-cp36-cp36m-manylinux1_x86_64.whl", hash = "sha256:1c5742112073a563c81f786e77514969acb58649bcdf6cdf0b4ed31a348d4546"},
    {file = "backports.zoneinfo-0.2.1-cp36-cp36m-win32.whl", hash = "sha256:e8236383a20872c0cdf5a62b554b27538db7fa1bbec52429d8d106effbaeca08"},
    {file = "backports.zoneinfo-0.2.1-cp36-cp36m-win_amd64.whl", hash = "sha256:8439c030a11780786a2002261569bdf362264f605dfa4d65090b64b05c9f79a7"},
    {file = "backports.zoneinfo-0.2.1-cp37-cp37m-macosx_10_14_x86_64.whl", hash = "sha256:f04e857b59d9d1ccc39ce2da1021d196e47234873820cbeaad210724b1ee28ac"},
    {file = "backports.zoneinfo-0.2.1-cp37-cp37m-manylinux1_i686.whl", hash = "sha256:17746bd546106fa389c51dbea67c8b7c8f0d14b5526a579ca6ccf5ed72c526cf"},
    {file = "backports.zoneinfo-0.2.1-cp37-cp37m-manylinux1_x86_64.whl", hash = "sha256:5c144945a7752ca544b4b78c8c41544cdfaf9786f25fe5ffb10e838e19a27570"},
    {file = "backports.zoneinfo-0.2.1-cp37-cp37m-win32.whl", hash = "sha256:e55b384612d93be96506932a786bbcde5a2db7a9e6a4bb4bffe8b733f5b9036b"},
    {file = "backports.zoneinfo-0.2.1-cp37-cp37m-win_amd64.whl", hash = "sha256:a76b38c52400b762e48131494ba26be363491ac4f9a04c1b7e92483d169f6582"},
    {file = "backports.zoneinfo-0.2.1-cp38-cp38-macosx_10_14_x86_64.whl", hash = "sha256:8961c0f32cd0336fb8e8ead11a1f8cd99ec07145ec2931122faaac1c8f7fd987"},
    {file = "backports.zoneinfo-0.2.1-cp38-cp38-manylinux1_i686.whl", hash = "sha256:e81b76cace8eda1fca50e345242ba977f9be6ae3945af8d46326d776b4cf78d1"},
    {file = "backports.zoneinfo-0.2.1-cp38-cp38-manylinux1_x86_64.whl", hash = "sha256:7b0a64cda4145548fed9efc10322770f929b944ce5cee6c0dfe0c87bf4c0c8c9"},
    {file = "backports.zoneinfo-0.2.1-cp38-cp38-win32.whl", hash = "sha256:1b13e654a55cd45672cb54ed12148cd33628f672548f373963b0bff67b217328"},
    {file = "backports.zoneinfo-0.2.1-cp38-cp38-win_amd64.whl", hash = "sha256:4a0f800587060bf8880f954dbef70de6c11bbe59c673c3d818921f042f9954a6"},
    {file = "backports.zoneinfo-0.2.1.tar.gz", hash = "sha256:fadbfe37f74051d024037f223b8e001611eac868b5c5b06144ef4d8b799862f2"},
]

[package.extras]
tzdata = ["tzdata"]

[[package]]
name = "colorama"
version = "0.4.6"
description = "Cross-platform colored terminal text."
optional = false
python-versions = "!=3.0.*,!=3.1.*,!=3.2.*,!=3.3.*,!=3.4.*,!=3.5.*,!=3.6.*,>=2.7"
files = [
    {file = "colorama-0.4.6-py2.py3-none-any.whl", hash = "sha256:4f1d9991f5acc0ca119f9d443620b77f9d6b33703e51011c16baf57afb285fc6"},
    {file = "colorama-0.4.6.tar.gz", hash = "sha256:08695f5cb7ed6e0531a20572697297273c47b8cae5a63ffc6d6ed5c201be6e44"},
]

[[package]]
name = "dill"
version = "0.3.7"
description = "serialize all of Python"
optional = false
python-versions = ">=3.7"
files = [
    {file = "dill-0.3.7-py3-none-any.whl", hash = "sha256:76b122c08ef4ce2eedcd4d1abd8e641114bfc6c2867f49f3c41facf65bf19f5e"},
    {file = "dill-0.3.7.tar.gz", hash = "sha256:cc1c8b182eb3013e24bd475ff2e9295af86c1a38eb1aff128dac8962a9ce3c03"},
]

[package.extras]
graph = ["objgraph (>=1.7.2)"]

[[package]]
name = "django"
version = "4.2.7"
description = "A high-level Python web framework that encourages rapid development and clean, pragmatic design."
optional = false
python-versions = ">=3.8"
files = [
    {file = "Django-4.2.7-py3-none-any.whl", hash = "sha256:e1d37c51ad26186de355cbcec16613ebdabfa9689bbade9c538835205a8abbe9"},
    {file = "Django-4.2.7.tar.gz", hash = "sha256:8e0f1c2c2786b5c0e39fe1afce24c926040fad47c8ea8ad30aaf1188df29fc41"},
]

[package.dependencies]
asgiref = ">=3.6.0,<4"
"backports.zoneinfo" = {version = "*", markers = "python_version < \"3.9\""}
sqlparse = ">=0.3.1"
tzdata = {version = "*", markers = "sys_platform == \"win32\""}

[package.extras]
argon2 = ["argon2-cffi (>=19.1.0)"]
bcrypt = ["bcrypt"]

[[package]]
name = "exceptiongroup"
version = "1.2.0"
description = "Backport of PEP 654 (exception groups)"
optional = false
python-versions = ">=3.7"
files = [
    {file = "exceptiongroup-1.2.0-py3-none-any.whl", hash = "sha256:4bfd3996ac73b41e9b9628b04e079f193850720ea5945fc96a08633c66912f14"},
    {file = "exceptiongroup-1.2.0.tar.gz", hash = "sha256:91f5c769735f051a4290d52edd0858999b57e5876e9f85937691bd4c9fa3ed68"},
]

[package.extras]
test = ["pytest (>=6)"]

[[package]]
name = "hiredis"
version = "2.2.3"
description = "Python wrapper for hiredis"
optional = false
python-versions = ">=3.7"
files = [
    {file = "hiredis-2.2.3-cp310-cp310-macosx_10_12_universal2.whl", hash = "sha256:9a1a80a8fa767f2fdc3870316a54b84fe9fc09fa6ab6a2686783de6a228a4604"},
    {file = "hiredis-2.2.3-cp310-cp310-macosx_10_12_x86_64.whl", hash = "sha256:3f006c28c885deb99b670a5a66f367a175ab8955b0374029bad7111f5357dcd4"},
    {file = "hiredis-2.2.3-cp310-cp310-macosx_11_0_arm64.whl", hash = "sha256:ffaf841546905d90ff189de7397aa56413b1ce5e54547f17a98f0ebf3a3b0a3b"},
    {file = "hiredis-2.2.3-cp310-cp310-manylinux_2_17_aarch64.manylinux2014_aarch64.whl", hash = "sha256:1cadb0ac7ba3babfd804e425946bec9717b320564a1390f163a54af9365a720a"},
    {file = "hiredis-2.2.3-cp310-cp310-manylinux_2_17_ppc64le.manylinux2014_ppc64le.whl", hash = "sha256:33bc4721632ef9708fa44e5df0066053fccc8e65410a2c48573192517a533b48"},
    {file = "hiredis-2.2.3-cp310-cp310-manylinux_2_17_s390x.manylinux2014_s390x.whl", hash = "sha256:227c5b4bcb60f89008c275d596e4a7b6625a6b3c827b8a66ae582eace7051f71"},
    {file = "hiredis-2.2.3-cp310-cp310-manylinux_2_17_x86_64.manylinux2014_x86_64.whl", hash = "sha256:61995eb826009d99ed8590747bc0da683a5f4fbb4faa8788166bf3810845cd5c"},
    {file = "hiredis-2.2.3-cp310-cp310-manylinux_2_5_i686.manylinux1_i686.manylinux_2_17_i686.manylinux2014_i686.whl", hash = "sha256:6f969edc851efe23010e0f53a64269f2629a9364135e9ec81c842e8b2277d0c1"},
    {file = "hiredis-2.2.3-cp310-cp310-musllinux_1_1_aarch64.whl", hash = "sha256:d27e560eefb57914d742a837f1da98d3b29cb22eff013c8023b7cf52ae6e051d"},
    {file = "hiredis-2.2.3-cp310-cp310-musllinux_1_1_i686.whl", hash = "sha256:3759f4789ae1913b7df278dfc9e8749205b7a106f888cd2903d19461e24a7697"},
    {file = "hiredis-2.2.3-cp310-cp310-musllinux_1_1_ppc64le.whl", hash = "sha256:c6cb613148422c523945cdb8b6bed617856f2602fd8750e33773ede2616e55d5"},
    {file = "hiredis-2.2.3-cp310-cp310-musllinux_1_1_s390x.whl", hash = "sha256:1d274d5c511dfc03f83f997d3238eaa9b6ee3f982640979f509373cced891e98"},
    {file = "hiredis-2.2.3-cp310-cp310-musllinux_1_1_x86_64.whl", hash = "sha256:3b7fe075e91b9d9cff40eba4fb6a8eff74964d3979a39be9a9ef58b1b4cb3604"},
    {file = "hiredis-2.2.3-cp310-cp310-win32.whl", hash = "sha256:77924b0d32fd1f493d3df15d9609ddf9d94c31a364022a6bf6b525ce9da75bea"},
    {file = "hiredis-2.2.3-cp310-cp310-win_amd64.whl", hash = "sha256:dcb0569dd5bfe6004658cd0f229efa699a3169dcb4f77bd72e188adda302063d"},
    {file = "hiredis-2.2.3-cp311-cp311-macosx_10_12_universal2.whl", hash = "sha256:d115790f18daa99b5c11a506e48923b630ef712e9e4b40482af942c3d40638b8"},
    {file = "hiredis-2.2.3-cp311-cp311-macosx_10_12_x86_64.whl", hash = "sha256:4c3b8be557e08b234774925622e196f0ee36fe4eab66cd19df934d3efd8f3743"},
    {file = "hiredis-2.2.3-cp311-cp311-macosx_11_0_arm64.whl", hash = "sha256:3f5446068197b35a11ccc697720c41879c8657e2e761aaa8311783aac84cef20"},
    {file = "hiredis-2.2.3-cp311-cp311-manylinux_2_17_aarch64.manylinux2014_aarch64.whl", hash = "sha256:aa17a3b22b3726d54d7af20394f65d4a1735a842a4e0f557dc67a90f6965c4bc"},
    {file = "hiredis-2.2.3-cp311-cp311-manylinux_2_17_ppc64le.manylinux2014_ppc64le.whl", hash = "sha256:7df645b6b7800e8b748c217fbd6a4ca8361bcb9a1ae6206cc02377833ec8a1aa"},
    {file = "hiredis-2.2.3-cp311-cp311-manylinux_2_17_s390x.manylinux2014_s390x.whl", hash = "sha256:2fb9300959a0048138791f3d68359d61a788574ec9556bddf1fec07f2dbc5320"},
    {file = "hiredis-2.2.3-cp311-cp311-manylinux_2_17_x86_64.manylinux2014_x86_64.whl", hash = "sha256:2d7e459fe7313925f395148d36d9b7f4f8dac65be06e45d7af356b187cef65fc"},
    {file = "hiredis-2.2.3-cp311-cp311-manylinux_2_5_i686.manylinux1_i686.manylinux_2_17_i686.manylinux2014_i686.whl", hash = "sha256:8eceffca3941775b646cd585cd19b275d382de43cc3327d22f7c75d7b003d481"},
    {file = "hiredis-2.2.3-cp311-cp311-musllinux_1_1_aarch64.whl", hash = "sha256:b17baf702c6e5b4bb66e1281a3efbb1d749c9d06cdb92b665ad81e03118f78fc"},
    {file = "hiredis-2.2.3-cp311-cp311-musllinux_1_1_i686.whl", hash = "sha256:4e43e2b5acaad09cf48c032f7e4926392bb3a3f01854416cf6d82ebff94d5467"},
    {file = "hiredis-2.2.3-cp311-cp311-musllinux_1_1_ppc64le.whl", hash = "sha256:a7205497d7276a81fe92951a29616ef96562ed2f91a02066f72b6f93cb34b40e"},
    {file = "hiredis-2.2.3-cp311-cp311-musllinux_1_1_s390x.whl", hash = "sha256:126623b03c31cb6ac3e0d138feb6fcc36dd43dd34fc7da7b7a0c38b5d75bc896"},
    {file = "hiredis-2.2.3-cp311-cp311-musllinux_1_1_x86_64.whl", hash = "sha256:071c5814b850574036506a8118034f97c3cbf2fe9947ff45a27b07a48da56240"},
    {file = "hiredis-2.2.3-cp311-cp311-win32.whl", hash = "sha256:d1be9e30e675f5bc1cb534633324578f6f0944a1bcffe53242cf632f554f83b6"},
    {file = "hiredis-2.2.3-cp311-cp311-win_amd64.whl", hash = "sha256:b9a7c987e161e3c58f992c63b7e26fea7fe0777f3b975799d23d65bbb8cb5899"},
    {file = "hiredis-2.2.3-cp37-cp37m-macosx_10_12_x86_64.whl", hash = "sha256:f2dcb8389fa3d453927b1299f46bdb38473c293c8269d5c777d33ea0e526b610"},
    {file = "hiredis-2.2.3-cp37-cp37m-manylinux_2_17_aarch64.manylinux2014_aarch64.whl", hash = "sha256:a2df98f5e071320c7d84e8bd07c0542acdd0a7519307fc31774d60e4b842ec4f"},
    {file = "hiredis-2.2.3-cp37-cp37m-manylinux_2_17_ppc64le.manylinux2014_ppc64le.whl", hash = "sha256:61a72e4a523cdfc521762137559c08dfa360a3caef63620be58c699d1717dac1"},
    {file = "hiredis-2.2.3-cp37-cp37m-manylinux_2_17_s390x.manylinux2014_s390x.whl", hash = "sha256:c9b9e5bde7030cae83aa900b5bd660decc65afd2db8c400f3c568c815a47ca2a"},
    {file = "hiredis-2.2.3-cp37-cp37m-manylinux_2_17_x86_64.manylinux2014_x86_64.whl", hash = "sha256:cd2614f17e261f72efc2f19f5e5ff2ee19e2296570c0dcf33409e22be30710de"},
    {file = "hiredis-2.2.3-cp37-cp37m-manylinux_2_5_i686.manylinux1_i686.manylinux_2_17_i686.manylinux2014_i686.whl", hash = "sha256:46525fbd84523cac75af5bf524bc74aaac848beaf31b142d2df8a787d9b4bbc4"},
    {file = "hiredis-2.2.3-cp37-cp37m-musllinux_1_1_aarch64.whl", hash = "sha256:d1a4ce40ba11da9382c14da31f4f9e88c18f7d294f523decd0fadfb81f51ad18"},
    {file = "hiredis-2.2.3-cp37-cp37m-musllinux_1_1_i686.whl", hash = "sha256:5cda592405bbd29d53942e0389dc3fa77b49c362640210d7e94a10c14a677d4d"},
    {file = "hiredis-2.2.3-cp37-cp37m-musllinux_1_1_ppc64le.whl", hash = "sha256:5e6674a017629284ef373b50496d9fb1a89b85a20a7fa100ecd109484ec748e5"},
    {file = "hiredis-2.2.3-cp37-cp37m-musllinux_1_1_s390x.whl", hash = "sha256:e62ec131816c6120eff40dffe43424e140264a15fa4ab88c301bd6a595913af3"},
    {file = "hiredis-2.2.3-cp37-cp37m-musllinux_1_1_x86_64.whl", hash = "sha256:17e938d9d3ee92e1adbff361706f1c36cc60eeb3e3eeca7a3a353eae344f4c91"},
    {file = "hiredis-2.2.3-cp37-cp37m-win32.whl", hash = "sha256:95d2305fd2a7b179cacb48b10f618872fc565c175f9f62b854e8d1acac3e8a9e"},
    {file = "hiredis-2.2.3-cp37-cp37m-win_amd64.whl", hash = "sha256:8f9dbe12f011a9b784f58faecc171d22465bb532c310bd588d769ba79a59ef5a"},
    {file = "hiredis-2.2.3-cp38-cp38-macosx_10_12_universal2.whl", hash = "sha256:5a4bcef114fc071d5f52c386c47f35aae0a5b43673197b9288a15b584da8fa3a"},
    {file = "hiredis-2.2.3-cp38-cp38-macosx_10_12_x86_64.whl", hash = "sha256:232d0a70519865741ba56e1dfefd160a580ae78c30a1517bad47b3cf95a3bc7d"},
    {file = "hiredis-2.2.3-cp38-cp38-macosx_11_0_arm64.whl", hash = "sha256:9076ce8429785c85f824650735791738de7143f61f43ae9ed83e163c0ca0fa44"},
    {file = "hiredis-2.2.3-cp38-cp38-manylinux_2_17_aarch64.manylinux2014_aarch64.whl", hash = "sha256:ec58fb7c2062f835595c12f0f02dcda76d0eb0831423cc191d1e18c9276648de"},
    {file = "hiredis-2.2.3-cp38-cp38-manylinux_2_17_ppc64le.manylinux2014_ppc64le.whl", hash = "sha256:7f2b34a6444b8f9c1e9f84bd2c639388e5d14f128afd14a869dfb3d9af893aa2"},
    {file = "hiredis-2.2.3-cp38-cp38-manylinux_2_17_s390x.manylinux2014_s390x.whl", hash = "sha256:818dfd310aa1020a13cd08ee48e116dd8c3bb2e23b8161f8ac4df587dd5093d7"},
    {file = "hiredis-2.2.3-cp38-cp38-manylinux_2_17_x86_64.manylinux2014_x86_64.whl", hash = "sha256:96d9ea6c8d4cbdeee2e0d43379ce2881e4af0454b00570677c59f33f2531cd38"},
    {file = "hiredis-2.2.3-cp38-cp38-manylinux_2_5_i686.manylinux1_i686.manylinux_2_17_i686.manylinux2014_i686.whl", hash = "sha256:f1eadbcd3de55ac42310ff82550d3302cb4efcd4e17d76646a17b6e7004bb42b"},
    {file = "hiredis-2.2.3-cp38-cp38-musllinux_1_1_aarch64.whl", hash = "sha256:477c34c4489666dc73cb5e89dafe2617c3e13da1298917f73d55aac4696bd793"},
    {file = "hiredis-2.2.3-cp38-cp38-musllinux_1_1_i686.whl", hash = "sha256:14824e457e4f5cda685c3345d125da13949bcf3bb1c88eb5d248c8d2c3dee08f"},
    {file = "hiredis-2.2.3-cp38-cp38-musllinux_1_1_ppc64le.whl", hash = "sha256:9cd32326dfa6ce87edf754153b0105aca64486bebe93b9600ccff74fa0b224df"},
    {file = "hiredis-2.2.3-cp38-cp38-musllinux_1_1_s390x.whl", hash = "sha256:51341e70b467004dcbec3a6ce8c478d2d6241e0f6b01e4c56764afd5022e1e9d"},
    {file = "hiredis-2.2.3-cp38-cp38-musllinux_1_1_x86_64.whl", hash = "sha256:2443659c76b226267e2a04dbbb21bc2a3f91aa53bdc0c22964632753ae43a247"},
    {file = "hiredis-2.2.3-cp38-cp38-win32.whl", hash = "sha256:4e3e3e31423f888d396b1fc1f936936e52af868ac1ec17dd15e3eeba9dd4de24"},
    {file = "hiredis-2.2.3-cp38-cp38-win_amd64.whl", hash = "sha256:20f509e3a1a20d6e5f5794fc37ceb21f70f409101fcfe7a8bde783894d51b369"},
    {file = "hiredis-2.2.3-cp39-cp39-macosx_10_12_universal2.whl", hash = "sha256:d20891e3f33803b26d54c77fd5745878497091e33f4bbbdd454cf6e71aee8890"},
    {file = "hiredis-2.2.3-cp39-cp39-macosx_10_12_x86_64.whl", hash = "sha256:50171f985e17970f87d5a29e16603d1e5b03bdbf5c2691a37e6c912942a6b657"},
    {file = "hiredis-2.2.3-cp39-cp39-macosx_11_0_arm64.whl", hash = "sha256:9944a2cac25ffe049a7e89f306e11b900640837d1ef38d9be0eaa4a4e2b73a52"},
    {file = "hiredis-2.2.3-cp39-cp39-manylinux_2_17_aarch64.manylinux2014_aarch64.whl", hash = "sha256:5a5c8019ff94988d56eb49b15de76fe83f6b42536d76edeb6565dbf7fe14b973"},
    {file = "hiredis-2.2.3-cp39-cp39-manylinux_2_17_ppc64le.manylinux2014_ppc64le.whl", hash = "sha256:a286ded34eb16501002e3713b3130c987366eee2ba0d58c33c72f27778e31676"},
    {file = "hiredis-2.2.3-cp39-cp39-manylinux_2_17_s390x.manylinux2014_s390x.whl", hash = "sha256:4b3e974ad15eb32b1f537730dea70b93a4c3db7b026de3ad2b59da49c6f7454d"},
    {file = "hiredis-2.2.3-cp39-cp39-manylinux_2_17_x86_64.manylinux2014_x86_64.whl", hash = "sha256:08415ea74c1c29b9d6a4ca3dd0e810dc1af343c1d1d442e15ba133b11ab5be6a"},
    {file = "hiredis-2.2.3-cp39-cp39-manylinux_2_5_i686.manylinux1_i686.manylinux_2_17_i686.manylinux2014_i686.whl", hash = "sha256:7e17d04ea58ab8cf3f2dc52e875db16077c6357846006780086fff3189fb199d"},
    {file = "hiredis-2.2.3-cp39-cp39-musllinux_1_1_aarch64.whl", hash = "sha256:6ccdcb635dae85b006592f78e32d97f4bc7541cb27829d505f9c7fefcef48298"},
    {file = "hiredis-2.2.3-cp39-cp39-musllinux_1_1_i686.whl", hash = "sha256:69536b821dd1bc78058a6e7541743f8d82bf2d981b91280b14c4daa6cdc7faba"},
    {file = "hiredis-2.2.3-cp39-cp39-musllinux_1_1_ppc64le.whl", hash = "sha256:3753df5f873d473f055e1f8837bfad0bd3b277c86f3c9bf058c58f14204cd901"},
    {file = "hiredis-2.2.3-cp39-cp39-musllinux_1_1_s390x.whl", hash = "sha256:6f88cafe46612b6fa68e6dea49e25bebf160598bba00101caa51cc8c1f18d597"},
    {file = "hiredis-2.2.3-cp39-cp39-musllinux_1_1_x86_64.whl", hash = "sha256:33ee3ea5cad3a8cb339352cd230b411eb437a2e75d7736c4899acab32056ccdb"},
    {file = "hiredis-2.2.3-cp39-cp39-win32.whl", hash = "sha256:b4f3d06dc16671b88a13ae85d8ca92534c0b637d59e49f0558d040a691246422"},
    {file = "hiredis-2.2.3-cp39-cp39-win_amd64.whl", hash = "sha256:4f674e309cd055ee7a48304ceb8cf43265d859faf4d7d01d270ce45e976ae9d3"},
    {file = "hiredis-2.2.3-pp37-pypy37_pp73-macosx_10_12_x86_64.whl", hash = "sha256:8f280ab4e043b089777b43b4227bdc2035f88da5072ab36588e0ccf77d45d058"},
    {file = "hiredis-2.2.3-pp37-pypy37_pp73-manylinux_2_17_aarch64.manylinux2014_aarch64.whl", hash = "sha256:15c2a551f3b8a26f7940d6ee10b837810201754b8d7e6f6b1391655370882c5a"},
    {file = "hiredis-2.2.3-pp37-pypy37_pp73-manylinux_2_17_x86_64.manylinux2014_x86_64.whl", hash = "sha256:60c4e3c258eafaab21b174b17270a0cc093718d61cdbde8c03f85ec4bf835343"},
    {file = "hiredis-2.2.3-pp37-pypy37_pp73-manylinux_2_5_i686.manylinux1_i686.manylinux_2_17_i686.manylinux2014_i686.whl", hash = "sha256:cc36a9dded458d4e37492fe3e619c6c83caae794d26ad925adbce61d592f8428"},
    {file = "hiredis-2.2.3-pp37-pypy37_pp73-win_amd64.whl", hash = "sha256:4ed68a3b1ccb4313d2a42546fd7e7439ad4745918a48b6c9bcaa61e1e3e42634"},
    {file = "hiredis-2.2.3-pp38-pypy38_pp73-macosx_10_12_x86_64.whl", hash = "sha256:3bf4b5bae472630c229518e4a814b1b68f10a3d9b00aeaec45f1a330f03a0251"},
    {file = "hiredis-2.2.3-pp38-pypy38_pp73-manylinux_2_17_aarch64.manylinux2014_aarch64.whl", hash = "sha256:33a94d264e6e12a79d9bb8af333b01dc286b9f39c99072ab5fef94ce1f018e17"},
    {file = "hiredis-2.2.3-pp38-pypy38_pp73-manylinux_2_17_x86_64.manylinux2014_x86_64.whl", hash = "sha256:3fa6811a618653164f918b891a0fa07052bd71a799defa5c44d167cac5557b26"},
    {file = "hiredis-2.2.3-pp38-pypy38_pp73-manylinux_2_5_i686.manylinux1_i686.manylinux_2_17_i686.manylinux2014_i686.whl", hash = "sha256:af33f370be90b48bbaf0dab32decbdcc522b1fa95d109020a963282086518a8e"},
    {file = "hiredis-2.2.3-pp38-pypy38_pp73-win_amd64.whl", hash = "sha256:b9953d87418ac228f508d93898ab572775e4d3b0eeb886a1a7734553bcdaf291"},
    {file = "hiredis-2.2.3-pp39-pypy39_pp73-macosx_10_12_x86_64.whl", hash = "sha256:5e7bb4dd524f50b71c20ef5a12bd61da9b463f8894b18a06130942fe31509881"},
    {file = "hiredis-2.2.3-pp39-pypy39_pp73-manylinux_2_17_aarch64.manylinux2014_aarch64.whl", hash = "sha256:89a258424158eb8b3ed9f65548d68998da334ef155d09488c5637723eb1cd697"},
    {file = "hiredis-2.2.3-pp39-pypy39_pp73-manylinux_2_17_x86_64.manylinux2014_x86_64.whl", hash = "sha256:9f4a65276f6ecdebe75f2a53f578fbc40e8d2860658420d5e0611c56bbf5054c"},
    {file = "hiredis-2.2.3-pp39-pypy39_pp73-manylinux_2_5_i686.manylinux1_i686.manylinux_2_17_i686.manylinux2014_i686.whl", hash = "sha256:334f2738700b20faa04a0d813366fb16ed17287430a6b50584161d5ad31ca6d7"},
    {file = "hiredis-2.2.3-pp39-pypy39_pp73-win_amd64.whl", hash = "sha256:d194decd9608f11c777946f596f31d5aacad13972a0a87829ae1e6f2d26c1885"},
    {file = "hiredis-2.2.3.tar.gz", hash = "sha256:e75163773a309e56a9b58165cf5a50e0f84b755f6ff863b2c01a38918fe92daa"},
]

[[package]]
name = "iniconfig"
version = "2.0.0"
description = "brain-dead simple config-ini parsing"
optional = false
python-versions = ">=3.7"
files = [
    {file = "iniconfig-2.0.0-py3-none-any.whl", hash = "sha256:b6a85871a79d2e3b22d2d1b94ac2824226a63c6b741c88f7ae975f18b6778374"},
    {file = "iniconfig-2.0.0.tar.gz", hash = "sha256:2d91e135bf72d31a410b17c16da610a82cb55f6b0477d1a902134b24a455b8b3"},
]

[[package]]
name = "isort"
version = "5.12.0"
description = "A Python utility / library to sort Python imports."
optional = false
python-versions = ">=3.8.0"
files = [
    {file = "isort-5.12.0-py3-none-any.whl", hash = "sha256:f84c2818376e66cf843d497486ea8fed8700b340f308f076c6fb1229dff318b6"},
    {file = "isort-5.12.0.tar.gz", hash = "sha256:8bef7dde241278824a6d83f44a544709b065191b95b6e50894bdc722fcba0504"},
]

[package.extras]
colors = ["colorama (>=0.4.3)"]
pipfile-deprecated-finder = ["pip-shims (>=0.5.2)", "pipreqs", "requirementslib"]
plugins = ["setuptools"]
requirements-deprecated-finder = ["pip-api", "pipreqs"]

[[package]]
name = "mccabe"
version = "0.7.0"
description = "McCabe checker, plugin for flake8"
optional = false
python-versions = ">=3.6"
files = [
    {file = "mccabe-0.7.0-py2.py3-none-any.whl", hash = "sha256:6c2d30ab6be0e4a46919781807b4f0d834ebdd6c6e3dca0bda5a15f863427b6e"},
    {file = "mccabe-0.7.0.tar.gz", hash = "sha256:348e0240c33b60bbdf4e523192ef919f28cb2c3d7d5c7794f74009290f236325"},
]

[[package]]
name = "packaging"
version = "23.2"
description = "Core utilities for Python packages"
optional = false
python-versions = ">=3.7"
files = [
    {file = "packaging-23.2-py3-none-any.whl", hash = "sha256:8c491190033a9af7e1d931d0b5dacc2ef47509b34dd0de67ed209b5203fc88c7"},
    {file = "packaging-23.2.tar.gz", hash = "sha256:048fb0e9405036518eaaf48a55953c750c11e1a1b68e0dd1a9d62ed0c092cfc5"},
]

[[package]]
name = "platformdirs"
version = "4.0.0"
description = "A small Python package for determining appropriate platform-specific dirs, e.g. a \"user data dir\"."
optional = false
python-versions = ">=3.7"
files = [
    {file = "platformdirs-4.0.0-py3-none-any.whl", hash = "sha256:118c954d7e949b35437270383a3f2531e99dd93cf7ce4dc8340d3356d30f173b"},
    {file = "platformdirs-4.0.0.tar.gz", hash = "sha256:cb633b2bcf10c51af60beb0ab06d2f1d69064b43abf4c185ca6b28865f3f9731"},
]

[package.extras]
docs = ["furo (>=2023.7.26)", "proselint (>=0.13)", "sphinx (>=7.1.1)", "sphinx-autodoc-typehints (>=1.24)"]
test = ["appdirs (==1.4.4)", "covdefaults (>=2.3)", "pytest (>=7.4)", "pytest-cov (>=4.1)", "pytest-mock (>=3.11.1)"]

[[package]]
name = "pluggy"
version = "1.3.0"
description = "plugin and hook calling mechanisms for python"
optional = false
python-versions = ">=3.8"
files = [
    {file = "pluggy-1.3.0-py3-none-any.whl", hash = "sha256:d89c696a773f8bd377d18e5ecda92b7a3793cbe66c87060a6fb58c7b6e1061f7"},
    {file = "pluggy-1.3.0.tar.gz", hash = "sha256:cf61ae8f126ac6f7c451172cf30e3e43d3ca77615509771b3a984a0730651e12"},
]

[package.extras]
dev = ["pre-commit", "tox"]
testing = ["pytest", "pytest-benchmark"]

[[package]]
name = "psycopg"
version = "3.1.13"
description = "PostgreSQL database adapter for Python"
optional = false
python-versions = ">=3.7"
files = [
    {file = "psycopg-3.1.13-py3-none-any.whl", hash = "sha256:1253010894cfb64e2da4556d4eff5f05e45cafee641f64e02453be849c8f7687"},
    {file = "psycopg-3.1.13.tar.gz", hash = "sha256:e6d047ce16950651d6e26c7c19ca57cc42e1d4841b58729f691244baeee46e30"},
]

[package.dependencies]
"backports.zoneinfo" = {version = ">=0.2.0", markers = "python_version < \"3.9\""}
psycopg-binary = {version = "3.1.13", optional = true, markers = "extra == \"binary\""}
psycopg-pool = {version = "*", optional = true, markers = "extra == \"pool\""}
typing-extensions = ">=4.1"
tzdata = {version = "*", markers = "sys_platform == \"win32\""}

[package.extras]
binary = ["psycopg-binary (==3.1.13)"]
c = ["psycopg-c (==3.1.13)"]
dev = ["black (>=23.1.0)", "dnspython (>=2.1)", "flake8 (>=4.0)", "mypy (>=1.4.1)", "types-setuptools (>=57.4)", "wheel (>=0.37)"]
docs = ["Sphinx (>=5.0)", "furo (==2022.6.21)", "sphinx-autobuild (>=2021.3.14)", "sphinx-autodoc-typehints (>=1.12)"]
pool = ["psycopg-pool"]
test = ["anyio (>=3.6.2,<4.0)", "mypy (>=1.4.1)", "pproxy (>=2.7)", "pytest (>=6.2.5)", "pytest-cov (>=3.0)", "pytest-randomly (>=3.5)"]

[[package]]
name = "psycopg-binary"
version = "3.1.13"
description = "PostgreSQL database adapter for Python -- C optimisation distribution"
optional = false
python-versions = ">=3.7"
files = [
    {file = "psycopg_binary-3.1.13-cp310-cp310-macosx_10_9_x86_64.whl", hash = "sha256:2cebf20e3c63e9fd5bb73a644b1327fed3f9496c394aec559a49f77ac0772fe2"},
    {file = "psycopg_binary-3.1.13-cp310-cp310-macosx_11_0_arm64.whl", hash = "sha256:323e6b2caedcb81a57e7b563d31b7cdb2b12aa29f641c3f4a8d071b96cdfafbe"},
    {file = "psycopg_binary-3.1.13-cp310-cp310-manylinux_2_17_aarch64.manylinux2014_aarch64.whl", hash = "sha256:eac64d6b11e0ea9cadaaa3eda30ac3406c46561b1c482113bbdd7e64446a96e1"},
    {file = "psycopg_binary-3.1.13-cp310-cp310-manylinux_2_17_i686.manylinux2014_i686.whl", hash = "sha256:ae25d20847962f1800dc1d24e8b22876f736ce3076d923db9d902522c21498a8"},
    {file = "psycopg_binary-3.1.13-cp310-cp310-manylinux_2_17_ppc64le.manylinux2014_ppc64le.whl", hash = "sha256:1ed5c7ca4a0b241b4360c90cae961156f0c2a6c2822fb61f68076b928650b523"},
    {file = "psycopg_binary-3.1.13-cp310-cp310-manylinux_2_17_x86_64.manylinux2014_x86_64.whl", hash = "sha256:7104f8e508d02532d2796563ed6c49a47d24935192f1c13a5b54f3cd78f5686a"},
    {file = "psycopg_binary-3.1.13-cp310-cp310-musllinux_1_1_aarch64.whl", hash = "sha256:7b4e12ced8c8be2cd8d164d26c247c43713ba3e8c303a2b6334830bd081ace4b"},
    {file = "psycopg_binary-3.1.13-cp310-cp310-musllinux_1_1_i686.whl", hash = "sha256:31d00c5ad42ec6a7f5365dc2ada0ac1597741e49781aa49a9c0db708a68b07f5"},
    {file = "psycopg_binary-3.1.13-cp310-cp310-musllinux_1_1_ppc64le.whl", hash = "sha256:c574e8e418fc98fcce054e24b3ea274e9ccbcf5310e47db8d5c07834e22bfa15"},
    {file = "psycopg_binary-3.1.13-cp310-cp310-musllinux_1_1_x86_64.whl", hash = "sha256:8adf7af9a92d3b4cb849a79604735512d15fe51497a6b8a9accfe480b656a2a8"},
    {file = "psycopg_binary-3.1.13-cp310-cp310-win_amd64.whl", hash = "sha256:c7cc4a583e279c6aa11aad41c99067e84477debd4501bac08c74539ddcebd4e3"},
    {file = "psycopg_binary-3.1.13-cp311-cp311-macosx_10_9_x86_64.whl", hash = "sha256:770f16be9c0b542ae31c68204b4fb06e1484398a71ca9d9826cf37e6f6aa7973"},
    {file = "psycopg_binary-3.1.13-cp311-cp311-macosx_11_0_arm64.whl", hash = "sha256:d5b82e82ed025ca09449a97323f82db10edf31dc2a96b021b42fcf351cb95b56"},
    {file = "psycopg_binary-3.1.13-cp311-cp311-manylinux_2_17_aarch64.manylinux2014_aarch64.whl", hash = "sha256:95f62d0140b47a71aed55ff52eaae81a134ffc047cffdf73c564aebbc3259b9e"},
    {file = "psycopg_binary-3.1.13-cp311-cp311-manylinux_2_17_i686.manylinux2014_i686.whl", hash = "sha256:4cccc2b2516ed00bfffd3d5eb8d29f0983ae57b1273c026c6a914125d2519be6"},
    {file = "psycopg_binary-3.1.13-cp311-cp311-manylinux_2_17_ppc64le.manylinux2014_ppc64le.whl", hash = "sha256:dbba364e29522d8e073c968f30e67e4018a596270244ebf64ed4e59b759492d6"},
    {file = "psycopg_binary-3.1.13-cp311-cp311-manylinux_2_17_x86_64.manylinux2014_x86_64.whl", hash = "sha256:2aca6b55ef50911a0b05ec71b3ec749487813ac08085f260ad3caccbd7ecbb62"},
    {file = "psycopg_binary-3.1.13-cp311-cp311-musllinux_1_1_aarch64.whl", hash = "sha256:152e01605305aede07fe00eebd5f1f4792452efc13f017ae871e88b2fb8bf562"},
    {file = "psycopg_binary-3.1.13-cp311-cp311-musllinux_1_1_i686.whl", hash = "sha256:d38b5b490e34e9b90e3734a84b546a33c39a69dbd3687d700ca2908c6389cb7f"},
    {file = "psycopg_binary-3.1.13-cp311-cp311-musllinux_1_1_ppc64le.whl", hash = "sha256:5a432c14c9f732345be2dcd94a1287affa562b98ffc6620863181ce15d3e5089"},
    {file = "psycopg_binary-3.1.13-cp311-cp311-musllinux_1_1_x86_64.whl", hash = "sha256:86919233d4293f01e0e00ec449746bd46803624e3bb52dd90831a4f3b2959bd8"},
    {file = "psycopg_binary-3.1.13-cp311-cp311-win_amd64.whl", hash = "sha256:dea1c83d5f77651cb88d4726c1a4a4726d2712454081e016191d566de20def99"},
    {file = "psycopg_binary-3.1.13-cp312-cp312-macosx_10_9_x86_64.whl", hash = "sha256:31db5f96438408a8b61ae487d29a11c4a7730b2e9e0857743ce99595fda1a148"},
    {file = "psycopg_binary-3.1.13-cp312-cp312-macosx_11_0_arm64.whl", hash = "sha256:da6e9b00c058557c5a0ba198f4fb7838863a0f88cafbf65c079c7c2e7d57d753"},
    {file = "psycopg_binary-3.1.13-cp312-cp312-manylinux_2_17_aarch64.manylinux2014_aarch64.whl", hash = "sha256:18f207da55a5b2a5a828e4ea46ff3253bd641f79f45844a42ae981a94181b87c"},
    {file = "psycopg_binary-3.1.13-cp312-cp312-manylinux_2_17_i686.manylinux2014_i686.whl", hash = "sha256:df292c11b66172b61ef16f6dffbf7363cbad873ff8c79a785c49fb237db4e720"},
    {file = "psycopg_binary-3.1.13-cp312-cp312-manylinux_2_17_ppc64le.manylinux2014_ppc64le.whl", hash = "sha256:24866bd53f138d7aff9e88d2e52d6f205d974fe98788cc69d954cde60a76f2f1"},
    {file = "psycopg_binary-3.1.13-cp312-cp312-manylinux_2_17_x86_64.manylinux2014_x86_64.whl", hash = "sha256:a875ec279b8cd34562963cc89f71b290cc0d65c7c1dd9f8ff53679ca52fbec2f"},
    {file = "psycopg_binary-3.1.13-cp312-cp312-musllinux_1_1_aarch64.whl", hash = "sha256:22aa5381db8e499b5a8489e1f6437c5e171eca476f975c138d6413ff15b66cfa"},
    {file = "psycopg_binary-3.1.13-cp312-cp312-musllinux_1_1_i686.whl", hash = "sha256:ed05b5831146d648e43860670b2bc200eaa1bc0a8f744faeb8dd39d4de648bc5"},
    {file = "psycopg_binary-3.1.13-cp312-cp312-musllinux_1_1_ppc64le.whl", hash = "sha256:51e4f98a48ddf41a0634a202e89b08448979b9cc88bd1a74207301b05db4c572"},
    {file = "psycopg_binary-3.1.13-cp312-cp312-musllinux_1_1_x86_64.whl", hash = "sha256:6bf92d298a5fff2477f8dd030fdaad84c8420e03fe76f175675ba3ac44e647f0"},
    {file = "psycopg_binary-3.1.13-cp312-cp312-win_amd64.whl", hash = "sha256:eb49604d27dfe7ea8560f5fdbde667049f961273b64ec1d6c09df4b2c3e83256"},
    {file = "psycopg_binary-3.1.13-cp37-cp37m-macosx_10_9_x86_64.whl", hash = "sha256:e77d6f9df9eb6c7c6ee3123b9cb97b504201d89bb5821314dc22e9f09e30601e"},
    {file = "psycopg_binary-3.1.13-cp37-cp37m-manylinux_2_17_aarch64.manylinux2014_aarch64.whl", hash = "sha256:852fa34c9a6fbb1b984aaa88dc1b42059e7e629582d0e81739c8568be66c4be0"},
    {file = "psycopg_binary-3.1.13-cp37-cp37m-manylinux_2_17_i686.manylinux2014_i686.whl", hash = "sha256:bbdcfe98607f1a9ae988aab817ebb6d27dd689dec928977e093b6b44e840859e"},
    {file = "psycopg_binary-3.1.13-cp37-cp37m-manylinux_2_17_ppc64le.manylinux2014_ppc64le.whl", hash = "sha256:963887516c8739ace8a69504d03c8c3b9a22e7194c42a0912031d1ac93cd3869"},
    {file = "psycopg_binary-3.1.13-cp37-cp37m-manylinux_2_17_x86_64.manylinux2014_x86_64.whl", hash = "sha256:9b022d2dcab5e2323b6268aa1db452c634e6f0d5ea9ec9a671b47f32e77b4ca2"},
    {file = "psycopg_binary-3.1.13-cp37-cp37m-musllinux_1_1_aarch64.whl", hash = "sha256:f6c6bff712d9e1a103cc23fc2c89833a69ed049261e390cadb68d2d42edeedea"},
    {file = "psycopg_binary-3.1.13-cp37-cp37m-musllinux_1_1_i686.whl", hash = "sha256:ae041fbdacd65d6cd9112980215111327dab1376b9a4a643c0a805758d907e7a"},
    {file = "psycopg_binary-3.1.13-cp37-cp37m-musllinux_1_1_ppc64le.whl", hash = "sha256:af6d9892fe107d9a8068fb89041d89191115693ee71613397b019547e003282d"},
    {file = "psycopg_binary-3.1.13-cp37-cp37m-musllinux_1_1_x86_64.whl", hash = "sha256:296c24fe09ef5561aa5fed06a1a06753a1a17b2f3a908bcf6a5ad78575ab5ce5"},
    {file = "psycopg_binary-3.1.13-cp37-cp37m-win_amd64.whl", hash = "sha256:8a8c778b299626827400ea9ebfb962f2bff048bfa16aeffa2c4bc9d79d84a1cf"},
    {file = "psycopg_binary-3.1.13-cp38-cp38-macosx_10_9_x86_64.whl", hash = "sha256:4d6f3bf6a6ac319c8660c44b22bc63e5bba9085ec7e04b171ceec9bb047ed20f"},
    {file = "psycopg_binary-3.1.13-cp38-cp38-macosx_11_0_arm64.whl", hash = "sha256:44cb86654e0759de040dde495cd6bfe6b5f98b4f94c441f5fcbbdda371c62073"},
    {file = "psycopg_binary-3.1.13-cp38-cp38-manylinux_2_17_aarch64.manylinux2014_aarch64.whl", hash = "sha256:ace2606984c0489a18e9dc455acceb8af1eed64c4afc7db4e7a46f4f77734db2"},
    {file = "psycopg_binary-3.1.13-cp38-cp38-manylinux_2_17_i686.manylinux2014_i686.whl", hash = "sha256:c24927f5442eeb8ab42090c2882ec9208762bb8d7ae999c4916d55d36a68ee00"},
    {file = "psycopg_binary-3.1.13-cp38-cp38-manylinux_2_17_ppc64le.manylinux2014_ppc64le.whl", hash = "sha256:84d01ad4594d05ffb374b56be0331bc3bd8525db07e4e18f70ed8a73e45e4a13"},
    {file = "psycopg_binary-3.1.13-cp38-cp38-manylinux_2_17_x86_64.manylinux2014_x86_64.whl", hash = "sha256:a996e64c4cb61b49432ee81e7486ec94aa1fe369629b88e0dddbe03b76cdc7fb"},
    {file = "psycopg_binary-3.1.13-cp38-cp38-musllinux_1_1_aarch64.whl", hash = "sha256:af37704f0086da8ba3ab724ae770902fed09f25efc94979d38fc73857dfd2ea3"},
    {file = "psycopg_binary-3.1.13-cp38-cp38-musllinux_1_1_i686.whl", hash = "sha256:00e7c7bfa1d4bc9a31ed5da59bc402f29d14cc3156c08a5549998ef74fc54128"},
    {file = "psycopg_binary-3.1.13-cp38-cp38-musllinux_1_1_ppc64le.whl", hash = "sha256:52fa599635789d5a093525d7ac268f00910bae93bb6d896b5d9ad36e87c1b60e"},
    {file = "psycopg_binary-3.1.13-cp38-cp38-musllinux_1_1_x86_64.whl", hash = "sha256:da972ac7d62ee758e8da626d4b7626a13488ed9c0165574e745a02868793f636"},
    {file = "psycopg_binary-3.1.13-cp38-cp38-win_amd64.whl", hash = "sha256:420314039fb004e3459d02430024673984bc098e9fccc17d4c9597cfb9b5ea84"},
    {file = "psycopg_binary-3.1.13-cp39-cp39-macosx_10_9_x86_64.whl", hash = "sha256:4c8cfc2ec46a732912acd9402666d52adcf97205dd7fda984602d46fa51b7199"},
    {file = "psycopg_binary-3.1.13-cp39-cp39-macosx_11_0_arm64.whl", hash = "sha256:535f6c77ef1a4f309fafd13fc910f2138befa0855a1e12979cd838ae54e27dda"},
    {file = "psycopg_binary-3.1.13-cp39-cp39-manylinux_2_17_aarch64.manylinux2014_aarch64.whl", hash = "sha256:f500db8566f69ff81275640132ae96b7c4654c623de4ee29a0d0762b1d68086f"},
    {file = "psycopg_binary-3.1.13-cp39-cp39-manylinux_2_17_i686.manylinux2014_i686.whl", hash = "sha256:5056e5025f6b2733f0ae913029743f40625bda354cd0b0bd00d4e5b04489bbf1"},
    {file = "psycopg_binary-3.1.13-cp39-cp39-manylinux_2_17_ppc64le.manylinux2014_ppc64le.whl", hash = "sha256:a19b69b71e0dadf0a1ee3701eb580e01dd6bfc67c5f017fefb4b039035cd666e"},
    {file = "psycopg_binary-3.1.13-cp39-cp39-manylinux_2_17_x86_64.manylinux2014_x86_64.whl", hash = "sha256:29bbf26240eaf51bc950f3746c7924e9e0d181368c4967602aea75a5a091f8a6"},
    {file = "psycopg_binary-3.1.13-cp39-cp39-musllinux_1_1_aarch64.whl", hash = "sha256:722512f354453134c29df781ed717a79a953a1f2742e6388aa0cd0ba18e1c796"},
    {file = "psycopg_binary-3.1.13-cp39-cp39-musllinux_1_1_i686.whl", hash = "sha256:0ab0b9118f5ba650d6aefd0d4dcbfbd36dfb415f0022a5f413d69b934a31a8a8"},
    {file = "psycopg_binary-3.1.13-cp39-cp39-musllinux_1_1_ppc64le.whl", hash = "sha256:ad4e691483fb7b88dde237c7c7e9691322e7ceccd35f23f4b27e6214b1ef22ae"},
    {file = "psycopg_binary-3.1.13-cp39-cp39-musllinux_1_1_x86_64.whl", hash = "sha256:6a9545c5c9ccbb6ba0c45deb28f4626aade88a8ace36260324b7673965e7df64"},
    {file = "psycopg_binary-3.1.13-cp39-cp39-win_amd64.whl", hash = "sha256:cd9550cfaf47db9eb44207278b9d418de0076df87cf3a2ea99bc123bd8d379c7"},
]

[[package]]
name = "psycopg-pool"
version = "3.2.0"
description = "Connection Pool for Psycopg"
optional = false
python-versions = ">=3.8"
files = [
    {file = "psycopg-pool-3.2.0.tar.gz", hash = "sha256:2e857bb6c120d012dba240e30e5dff839d2d69daf3e962127ce6b8e40594170e"},
    {file = "psycopg_pool-3.2.0-py3-none-any.whl", hash = "sha256:73371d4e795d9363c7b496cbb2dfce94ee8fbf2dcdc384d0a937d1d9d8bdd08d"},
]

[package.dependencies]
typing-extensions = ">=3.10"

[[package]]
name = "pylint"
version = "3.0.2"
description = "python code static checker"
optional = false
python-versions = ">=3.8.0"
files = [
    {file = "pylint-3.0.2-py3-none-any.whl", hash = "sha256:60ed5f3a9ff8b61839ff0348b3624ceeb9e6c2a92c514d81c9cc273da3b6bcda"},
    {file = "pylint-3.0.2.tar.gz", hash = "sha256:0d4c286ef6d2f66c8bfb527a7f8a629009e42c99707dec821a03e1b51a4c1496"},
]

[package.dependencies]
astroid = ">=3.0.1,<=3.1.0-dev0"
colorama = {version = ">=0.4.5", markers = "sys_platform == \"win32\""}
dill = [
    {version = ">=0.2", markers = "python_version < \"3.11\""},
    {version = ">=0.3.6", markers = "python_version >= \"3.11\""},
    {version = ">=0.3.7", markers = "python_version >= \"3.12\""},
]
isort = ">=4.2.5,<6"
mccabe = ">=0.6,<0.8"
platformdirs = ">=2.2.0"
tomli = {version = ">=1.1.0", markers = "python_version < \"3.11\""}
tomlkit = ">=0.10.1"
typing-extensions = {version = ">=3.10.0", markers = "python_version < \"3.10\""}

[package.extras]
spelling = ["pyenchant (>=3.2,<4.0)"]
testutils = ["gitpython (>3)"]

[[package]]
name = "pylint-django"
version = "2.5.5"
description = "A Pylint plugin to help Pylint understand the Django web framework"
optional = false
python-versions = ">=3.7,<4.0"
files = [
    {file = "pylint_django-2.5.5-py3-none-any.whl", hash = "sha256:5abd5c2228e0e5e2a4cb6d0b4fc1d1cef1e773d0be911412f4dd4fc1a1a440b7"},
    {file = "pylint_django-2.5.5.tar.gz", hash = "sha256:2f339e4bf55776958283395c5139c37700c91bd5ef1d8251ef6ac88b5abbba9b"},
]

[package.dependencies]
pylint = ">=2.0,<4"
pylint-plugin-utils = ">=0.8"

[package.extras]
with-django = ["Django (>=2.2)"]

[[package]]
name = "pylint-plugin-utils"
version = "0.8.2"
description = "Utilities and helpers for writing Pylint plugins"
optional = false
python-versions = ">=3.7,<4.0"
files = [
    {file = "pylint_plugin_utils-0.8.2-py3-none-any.whl", hash = "sha256:ae11664737aa2effbf26f973a9e0b6779ab7106ec0adc5fe104b0907ca04e507"},
    {file = "pylint_plugin_utils-0.8.2.tar.gz", hash = "sha256:d3cebf68a38ba3fba23a873809155562571386d4c1b03e5b4c4cc26c3eee93e4"},
]

[package.dependencies]
pylint = ">=1.7"

[[package]]
name = "pytest"
version = "7.4.3"
description = "pytest: simple powerful testing with Python"
optional = false
python-versions = ">=3.7"
files = [
    {file = "pytest-7.4.3-py3-none-any.whl", hash = "sha256:0d009c083ea859a71b76adf7c1d502e4bc170b80a8ef002da5806527b9591fac"},
    {file = "pytest-7.4.3.tar.gz", hash = "sha256:d989d136982de4e3b29dabcc838ad581c64e8ed52c11fbe86ddebd9da0818cd5"},
]

[package.dependencies]
colorama = {version = "*", markers = "sys_platform == \"win32\""}
exceptiongroup = {version = ">=1.0.0rc8", markers = "python_version < \"3.11\""}
iniconfig = "*"
packaging = "*"
pluggy = ">=0.12,<2.0"
tomli = {version = ">=1.0.0", markers = "python_version < \"3.11\""}

[package.extras]
testing = ["argcomplete", "attrs (>=19.2.0)", "hypothesis (>=3.56)", "mock", "nose", "pygments (>=2.7.2)", "requests", "setuptools", "xmlschema"]

[[package]]
name = "redis"
version = "5.0.1"
description = "Python client for Redis database and key-value store"
optional = false
python-versions = ">=3.7"
files = [
    {file = "redis-5.0.1-py3-none-any.whl", hash = "sha256:ed4802971884ae19d640775ba3b03aa2e7bd5e8fb8dfaed2decce4d0fc48391f"},
    {file = "redis-5.0.1.tar.gz", hash = "sha256:0dab495cd5753069d3bc650a0dde8a8f9edde16fc5691b689a566eda58100d0f"},
]

[package.dependencies]
async-timeout = {version = ">=4.0.2", markers = "python_full_version <= \"3.11.2\""}

[package.extras]
hiredis = ["hiredis (>=1.0.0)"]
ocsp = ["cryptography (>=36.0.1)", "pyopenssl (==20.0.1)", "requests (>=2.26.0)"]

[[package]]
name = "sqlparse"
version = "0.4.4"
description = "A non-validating SQL parser."
optional = false
python-versions = ">=3.5"
files = [
    {file = "sqlparse-0.4.4-py3-none-any.whl", hash = "sha256:5430a4fe2ac7d0f93e66f1efc6e1338a41884b7ddf2a350cedd20ccc4d9d28f3"},
    {file = "sqlparse-0.4.4.tar.gz", hash = "sha256:d446183e84b8349fa3061f0fe7f06ca94ba65b426946ffebe6e3e8295332420c"},
]

[package.extras]
dev = ["build", "flake8"]
doc = ["sphinx"]
test = ["pytest", "pytest-cov"]

[[package]]
name = "tomli"
version = "2.0.1"
description = "A lil' TOML parser"
optional = false
python-versions = ">=3.7"
files = [
    {file = "tomli-2.0.1-py3-none-any.whl", hash = "sha256:939de3e7a6161af0c887ef91b7d41a53e7c5a1ca976325f429cb46ea9bc30ecc"},
    {file = "tomli-2.0.1.tar.gz", hash = "sha256:de526c12914f0c550d15924c62d72abc48d6fe7364aa87328337a31007fe8a4f"},
]

[[package]]
name = "tomlkit"
version = "0.12.3"
description = "Style preserving TOML library"
optional = false
python-versions = ">=3.7"
files = [
    {file = "tomlkit-0.12.3-py3-none-any.whl", hash = "sha256:b0a645a9156dc7cb5d3a1f0d4bab66db287fcb8e0430bdd4664a095ea16414ba"},
    {file = "tomlkit-0.12.3.tar.gz", hash = "sha256:75baf5012d06501f07bee5bf8e801b9f343e7aac5a92581f20f80ce632e6b5a4"},
]

[[package]]
name = "typing-extensions"
version = "4.8.0"
description = "Backported and Experimental Type Hints for Python 3.8+"
optional = false
python-versions = ">=3.8"
files = [
    {file = "typing_extensions-4.8.0-py3-none-any.whl", hash = "sha256:8f92fc8806f9a6b641eaa5318da32b44d401efaac0f6678c9bc448ba3605faa0"},
    {file = "typing_extensions-4.8.0.tar.gz", hash = "sha256:df8e4339e9cb77357558cbdbceca33c303714cf861d1eef15e1070055ae8b7ef"},
]

[[package]]
name = "tzdata"
version = "2023.3"
description = "Provider of IANA time zone data"
optional = false
python-versions = ">=2"
files = [
    {file = "tzdata-2023.3-py2.py3-none-any.whl", hash = "sha256:7e65763eef3120314099b6939b5546db7adce1e7d6f2e179e3df563c70511eda"},
    {file = "tzdata-2023.3.tar.gz", hash = "sha256:11ef1e08e54acb0d4f95bdb1be05da659673de4acbd21bf9c69e94cc5e907a3a"},
]

[metadata]
lock-version = "2.0"
python-versions = "^3.8"
content-hash = "fd0a401c07f5bc21794f49936b618247f8fbb8f31a7b8c23d7f57937fd73c0c6"
